lockVersion: 2.0.0
id: 61baf600-f5ef-40e7-a8ac-60a427fe2b6e
management:
  docChecksum: d50249c9a535fe135343ae7e841ad7cd
  docVersion: 1.0.0
  speakeasyVersion: 1.441.0
  generationVersion: 2.460.1
  releaseVersion: 0.3.4
  configChecksum: 348ebbecfb5e79f340f57319a73f61cf
  repoURL: https://github.com/ryan-timothy-albert/test_nested_repo.git
  repoSubDirectory: package/sdk
  installationURL: https://gitpkg.now.sh/ryan-timothy-albert/test_nested_repo/package/sdk
  published: true
features:
  typescript:
    additionalDependencies: 0.1.0
    core: 3.18.5
    defaultEnabledRetries: 0.1.0
    devContainers: 2.90.0
    envVarSecurityUsage: 0.1.2
    globalSecurityCallbacks: 0.1.0
    globalServerURLs: 2.82.4
    responseFormat: 0.2.3
    retries: 2.83.0
    sdkHooks: 0.2.0
    tests: 0.7.0
generatedFiles:
  - .devcontainer/README.md
  - .devcontainer/devcontainer.json
  - .devcontainer/setup.sh
  - .eslintrc.cjs
  - .gitattributes
  - .npmignore
  - CONTRIBUTING.md
  - FUNCTIONS.md
  - RUNTIMES.md
  - USAGE.md
  - docs/lib/utils/retryconfig.md
  - docs/models/components/errort.md
  - docs/models/components/pet.md
  - docs/models/operations/listpetsrequest.md
  - docs/models/operations/listpetsresponse.md
  - docs/models/operations/listpetsresponseresult.md
  - docs/models/operations/showrequest.md
  - docs/models/operations/showresponse.md
  - docs/sdks/pets/README.md
  - docs/sdks/petstore/README.md
  - jsr.json
  - package.json
  - src/core.ts
  - src/funcs/petsCreatePets.ts
  - src/funcs/petsListPets.ts
  - src/funcs/petsShow.ts
  - src/hooks/hooks.ts
  - src/hooks/index.ts
  - src/hooks/types.ts
  - src/index.ts
  - src/lib/base64.ts
  - src/lib/config.ts
  - src/lib/dlv.ts
  - src/lib/encodings.ts
  - src/lib/files.ts
  - src/lib/http.ts
  - src/lib/is-plain-object.ts
  - src/lib/logger.ts
  - src/lib/matchers.ts
  - src/lib/primitives.ts
  - src/lib/retries.ts
  - src/lib/schemas.ts
  - src/lib/sdks.ts
  - src/lib/security.ts
  - src/lib/url.ts
  - src/models/components/error.ts
  - src/models/components/index.ts
  - src/models/components/pet.ts
  - src/models/errors/httpclienterrors.ts
  - src/models/errors/index.ts
  - src/models/errors/sdkerror.ts
  - src/models/errors/sdkvalidationerror.ts
  - src/models/operations/index.ts
  - src/models/operations/listpets.ts
  - src/models/operations/show.ts
  - src/sdk/index.ts
  - src/sdk/pets.ts
  - src/sdk/sdk.ts
  - src/types/blobs.ts
  - src/types/constdatetime.ts
  - src/types/enums.ts
  - src/types/fp.ts
  - src/types/index.ts
  - src/types/operations.ts
  - src/types/rfcdate.ts
  - src/types/streams.ts
  - tsconfig.json
examples:
  listPets:
    speakeasy-default-list-pets:
      responses:
        "200":
          application/json: []
        default:
          application/json: {"code": 767425, "message": "<value>"}
  createPets:
    speakeasy-default-create-pets:
      requestBody:
        application/json: {"id": 596804, "name": "<value>"}
      responses:
        default:
          application/json: {"code": 589113, "message": "<value>"}
  showPetById:
    speakeasy-default-show-pet-by-id:
      parameters:
        path:
          petId: "<id>"
      responses:
        "200":
          application/json: {"id": 763078, "name": "<value>"}
        default:
          application/json: {"code": 743784, "message": "<value>"}
  createPetsMe:
    speakeasy-default-create-pets-me:
      requestBody:
        application/json: {"id": 413703, "name": "<value>"}
      responses:
        default:
          application/json: {"code": 357040, "message": "<value>"}
  createPETER:
    speakeasy-default-create-PETER:
      requestBody:
        application/json: {"id": 434573, "name": "<value>"}
      responses:
        default:
          application/json: {"code": 606749, "message": "<value>"}
  show:
    speakeasy-default-show:
      parameters:
        path:
          petId: "<id>"
      responses:
        "200":
          application/json: {"id": 52777, "name": "<value>"}
        default:
          application/json: {"code": 283166, "message": "<value>"}
