lockVersion: 2.0.0
id: 9d28430a-d81b-4fc9-aceb-46d1a78962dd
management:
  docChecksum: 7c524b4be7afdadc4b2f448072865ac4
  docVersion: 1.0.0
  speakeasyVersion: 1.378.0
  generationVersion: 2.404.3
  releaseVersion: 0.0.2
  configChecksum: 24dcfd9b00148c38d467193f252023c3
  repoURL: https://github.com/ryan-timothy-albert/test_nested_repo.git
  repoSubDirectory: package
  installationURL: https://gitpkg.now.sh/ryan-timothy-albert/test_nested_repo/package
features:
  typescript:
    additionalDependencies: 0.1.0
    constsAndDefaults: 0.1.11
    core: 3.14.1
    defaultEnabledRetries: 0.1.0
    devContainers: 2.90.0
    envVarSecurityUsage: 0.1.1
    globalSecurity: 2.82.11
    globalSecurityCallbacks: 0.1.0
    globalSecurityFlattening: 0.1.0
    globalServerURLs: 2.82.4
    responseFormat: 0.2.3
    retries: 2.83.0
    sdkHooks: 0.1.0
generatedFiles:
  - src/funcs/petUpdatePet.ts
  - src/funcs/petAddPet.ts
  - src/funcs/petFindPetsByStatus.ts
  - src/funcs/petFindPetsByTags.ts
  - src/funcs/petGetPetById.ts
  - src/funcs/petDeletePet.ts
  - src/funcs/petUploadFile.ts
  - src/funcs/storeGetInventory.ts
  - src/funcs/storePlaceOrder.ts
  - src/funcs/storeGetOrderById.ts
  - src/funcs/storeDeleteOrder.ts
  - src/funcs/userCreateUser.ts
  - src/funcs/userCreateUsersWithListInput.ts
  - src/funcs/userLoginUser.ts
  - src/funcs/userLogoutUser.ts
  - src/funcs/userGetUserByName.ts
  - src/funcs/userUpdateUser.ts
  - src/funcs/userDeleteUser.ts
  - src/sdk/pet.ts
  - src/sdk/store.ts
  - src/sdk/user.ts
  - src/sdk/sdk.ts
  - .eslintrc.cjs
  - .npmignore
  - FUNCTIONS.md
  - RUNTIMES.md
  - jsr.json
  - package.json
  - src/core.ts
  - src/index.ts
  - src/lib/base64.ts
  - src/lib/config.ts
  - src/lib/dlv.ts
  - src/lib/encodings.ts
  - src/lib/http.ts
  - src/lib/is-plain-object.ts
  - src/lib/logger.ts
  - src/lib/matchers.ts
  - src/lib/primitives.ts
  - src/lib/retries.ts
  - src/lib/schemas.ts
  - src/lib/sdks.ts
  - src/lib/security.ts
  - src/lib/url.ts
  - src/sdk/index.ts
  - src/models/errors/httpclienterrors.ts
  - src/models/errors/sdkerror.ts
  - src/models/errors/sdkvalidationerror.ts
  - src/types/blobs.ts
  - src/types/constdatetime.ts
  - src/types/enums.ts
  - src/types/fp.ts
  - src/types/index.ts
  - src/types/operations.ts
  - src/types/rfcdate.ts
  - tsconfig.json
  - src/models/components/pet.ts
  - src/models/components/tag.ts
  - src/models/components/category.ts
  - src/models/components/apiresponse.ts
  - src/models/components/order.ts
  - src/models/components/user.ts
  - src/models/components/security.ts
  - src/models/errors/apierrorinvalidinput.ts
  - src/models/errors/apierrorunauthorized.ts
  - src/models/errors/apierrornotfound.ts
  - src/models/operations/findpetsbystatus.ts
  - src/models/operations/findpetsbytags.ts
  - src/models/operations/getpetbyid.ts
  - src/models/operations/deletepet.ts
  - src/models/operations/uploadfile.ts
  - src/models/operations/getorderbyid.ts
  - src/models/operations/deleteorder.ts
  - src/models/operations/loginuser.ts
  - src/models/operations/getuserbyname.ts
  - src/models/operations/updateuser.ts
  - src/models/operations/deleteuser.ts
  - src/models/errors/index.ts
  - src/models/components/index.ts
  - src/models/operations/index.ts
  - docs/models/components/status.md
  - docs/models/components/pet.md
  - docs/models/components/tag.md
  - docs/models/components/category.md
  - docs/models/components/apiresponse.md
  - docs/models/components/orderstatus.md
  - docs/models/components/order.md
  - docs/models/components/user.md
  - docs/models/components/security.md
  - docs/models/errors/apierrorinvalidinput.md
  - docs/models/errors/apierrorunauthorized.md
  - docs/models/errors/apierrornotfound.md
  - docs/models/operations/status.md
  - docs/models/operations/findpetsbystatusrequest.md
  - docs/models/operations/findpetsbytagsrequest.md
  - docs/models/operations/getpetbyidrequest.md
  - docs/models/operations/deletepetrequest.md
  - docs/models/operations/uploadfilerequest.md
  - docs/models/operations/getorderbyidrequest.md
  - docs/models/operations/deleteorderrequest.md
  - docs/models/operations/loginuserrequest.md
  - docs/models/operations/loginuserresponse.md
  - docs/models/operations/getuserbynamerequest.md
  - docs/models/operations/updateuserrequest.md
  - docs/models/operations/deleteuserrequest.md
  - docs/sdks/petstore/README.md
  - docs/lib/utils/retryconfig.md
  - docs/sdks/pet/README.md
  - docs/sdks/store/README.md
  - docs/sdks/user/README.md
  - USAGE.md
  - .gitattributes
  - .devcontainer/README.md
  - .devcontainer/devcontainer.json
  - .devcontainer/setup.sh
  - src/hooks/hooks.ts
  - src/hooks/types.ts
  - src/hooks/index.ts
  - CONTRIBUTING.md
