speakeasyVersion: 1.492.0
sources:
    petstore-oas:
        sourceNamespace: petstore-oas-123
        sourceRevisionDigest: sha256:c5aeb8f7b74b6a625d24d84b207e5d91ad39ab39fd80fa1188e592336c966bde
        sourceBlobDigest: sha256:1abad1a8292d1c78d369392b88aa5fde3e3d2bd97d03adf3d599810f5eccb229
        tags:
            - latest
            - 4.0.0
targets:
    petstore:
        source: petstore-oas
        sourceNamespace: petstore-oas-123
        sourceRevisionDigest: sha256:c5aeb8f7b74b6a625d24d84b207e5d91ad39ab39fd80fa1188e592336c966bde
        sourceBlobDigest: sha256:1abad1a8292d1c78d369392b88aa5fde3e3d2bd97d03adf3d599810f5eccb229
        codeSamplesNamespace: petstore-oas123-typescript-code-samples
        codeSamplesRevisionDigest: sha256:520b41f685dc1707c0a3bf6d831f31064df706737e1cd2fe05afdd9f23c96e4b
workflow:
    workflowVersion: 1.0.0
    speakeasyVersion: latest
    sources:
        petstore-oas:
            inputs:
                - location: ../openapi.yaml
            registry:
                location: registry.speakeasyapi.dev/ryan-local/ryan-telemetry/petstore-oas-123
    targets:
        petstore:
            target: typescript
            source: petstore-oas
            output: ./sdk
            publish:
                npm:
                    token: $npm_token
            codeSamples:
                output: codeSamples.yaml
                registry:
                    location: registry.speakeasyapi.dev/ryan-local/ryan-telemetry/petstore-oas123-typescript-code-samples
                blocking: false
            testing:
                enabled: true
