speakeasyVersion: 1.474.0
sources:
    petstore-oas:
        sourceNamespace: petstore-oas-123
        sourceRevisionDigest: sha256:e6b5059899b7fd87c8b9f6329498c399c4b8ef2a31b996821381acaeaad1b967
        sourceBlobDigest: sha256:f163bd9ee0317f083300e9836511af4893b17250002c9d1ed3a854894a2c6386
        tags:
            - latest
            - speakeasy-sdk-regen-1737052899
            - 1.0.0
targets:
    petstore:
        source: petstore-oas
        sourceNamespace: petstore-oas-123
        sourceRevisionDigest: sha256:e6b5059899b7fd87c8b9f6329498c399c4b8ef2a31b996821381acaeaad1b967
        sourceBlobDigest: sha256:f163bd9ee0317f083300e9836511af4893b17250002c9d1ed3a854894a2c6386
        codeSamplesNamespace: petstore-oas123-typescript-code-samples
        codeSamplesRevisionDigest: sha256:3d490a5ac77076d4520594320c88d06d7ed1d02d9c234db1afc42fc91fc710d5
workflow:
    workflowVersion: 1.0.0
    speakeasyVersion: latest
    sources:
        petstore-oas:
            inputs:
                - location: ../openapi.yaml
            registry:
                location: registry.speakeasyapi.dev/ryan-local/ryan-telemetry/petstore-oas-123
    targets:
        petstore:
            target: typescript
            source: petstore-oas
            output: ./sdk
            publish:
                npm:
                    token: $npm_token
            codeSamples:
                registry:
                    location: registry.speakeasyapi.dev/ryan-local/ryan-telemetry/petstore-oas123-typescript-code-samples
                blocking: false
